{
    "name": "polear",
    "version": "1.0.0",
    "lockfileVersion": 3,
    "requires": true,
    "packages": {
        "": {
            "name": "polear",
            "version": "1.0.0",
            "dependencies": {
                "@azure/functions": "^4.0.0",
                "mongodb": "^3.6.2"
            }
        },
        "node_modules/@azure/functions": {
            "version": "4.3.0",
            "resolved": "https://registry.npmjs.org/@azure/functions/-/functions-4.3.0.tgz",
            "integrity": "sha512-l7iAuSyyBCOgwkDZmV6UUagwkFoqMOVfq01oJ+rJlFhN7Mb8/kkUAZLffCPUxBy2Wwah741BhJGizwaCP9G2/A==",
            "dependencies": {
                "cookie": "^0.6.0",
                "long": "^4.0.0",
                "undici": "^5.13.0"
            },
            "engines": {
                "node": ">=18.0"
            }
        },
        "node_modules/@fastify/busboy": {
            "version": "2.1.1",
            "resolved": "https://registry.npmjs.org/@fastify/busboy/-/busboy-2.1.1.tgz",
            "integrity": "sha512-vBZP4NlzfOlerQTnba4aqZoMhE/a9HY7HRqoOPaETQcSQuWEIyZMHGfVu6w9wGtGK5fED5qRs2DteVCjOH60sA==",
            "engines": {
                "node": ">=14"
            }
        },
        "node_modules/bl": {
            "version": "2.2.1",
            "resolved": "https://pkgs.dev.azure.com/IngEurCDaaS01/IngOne/_packaging/central-npm-feed/npm/registry/bl/-/bl-2.2.1.tgz",
            "integrity": "sha1-jBGntzBlXF1WiYzchxIk9A/ZAdU=",
            "license": "MIT",
            "dependencies": {
                "readable-stream": "^2.3.5",
                "safe-buffer": "^5.1.1"
            }
        },
        "node_modules/cookie": {
            "version": "0.6.0",
            "resolved": "https://registry.npmjs.org/cookie/-/cookie-0.6.0.tgz",
            "integrity": "sha512-U71cyTamuh1CRNCfpGY6to28lxvNwPG4Guz/EVjgf3Jmzv0vlDp1atT9eS5dDjMYHucpHbWns6Lwf3BKz6svdw==",
            "engines": {
                "node": ">= 0.6"
            }
        },
        "node_modules/core-util-is": {
            "version": "1.0.3",
            "resolved": "https://pkgs.dev.azure.com/IngEurCDaaS01/IngOne/_packaging/central-npm-feed/npm/registry/core-util-is/-/core-util-is-1.0.3.tgz",
            "integrity": "sha1-pgQtNjTCsn6TKPg3uWX6yDgI24U=",
            "license": "MIT"
        },
        "node_modules/denque": {
            "version": "1.5.1",
            "resolved": "https://pkgs.dev.azure.com/IngEurCDaaS01/IngOne/_packaging/central-npm-feed/npm/registry/denque/-/denque-1.5.1.tgz",
            "integrity": "sha1-B/Zw4pyaePj67LJWah4sEZKcXL8=",
            "license": "Apache-2.0",
            "engines": {
                "node": ">=0.10"
            }
        },
        "node_modules/inherits": {
            "version": "2.0.4",
            "resolved": "https://pkgs.dev.azure.com/IngEurCDaaS01/IngOne/_packaging/central-npm-feed/npm/registry/inherits/-/inherits-2.0.4.tgz",
            "integrity": "sha1-D6LGT5MpF8NDOg3tVTY6rjdBa3w=",
            "license": "ISC"
        },
        "node_modules/isarray": {
            "version": "1.0.0",
            "resolved": "https://pkgs.dev.azure.com/IngEurCDaaS01/IngOne/_packaging/central-npm-feed/npm/registry/isarray/-/isarray-1.0.0.tgz",
            "integrity": "sha1-u5NdSFgsuhaMBoNJV6VKPgcSTxE=",
            "license": "MIT"
        },
        "node_modules/long": {
            "version": "4.0.0",
            "resolved": "https://registry.npmjs.org/long/-/long-4.0.0.tgz",
            "integrity": "sha512-XsP+KhQif4bjX1kbuSiySJFNAehNxgLb6hPRGJ9QsUr8ajHkuXGdrHmFUTUUXhDwVX2R5bY4JNZEwbUiMhV+MA=="
        },
        "node_modules/memory-pager": {
            "version": "1.5.0",
            "resolved": "https://pkgs.dev.azure.com/IngEurCDaaS01/IngOne/_packaging/central-npm-feed/npm/registry/memory-pager/-/memory-pager-1.5.0.tgz",
            "integrity": "sha1-2HUWVdItOEaCdByXLyw9bfo+ZrU=",
            "license": "MIT",
            "optional": true
        },
        "node_modules/mongodb": {
            "version": "3.7.4",
            "resolved": "https://pkgs.dev.azure.com/IngEurCDaaS01/IngOne/_packaging/central-npm-feed/npm/registry/mongodb/-/mongodb-3.7.4.tgz",
            "integrity": "sha1-EZUw2CY2HD4SrECbdpeW1pdwN6Q=",
            "license": "Apache-2.0",
            "dependencies": {
                "bl": "^2.2.1",
                "bson": "^1.1.4",
                "denque": "^1.4.1",
                "optional-require": "^1.1.8",
                "safe-buffer": "^5.1.2"
            },
            "engines": {
                "node": ">=4"
            },
            "optionalDependencies": {
                "saslprep": "^1.0.0"
            },
            "peerDependenciesMeta": {
                "aws4": {
                    "optional": true
                },
                "bson-ext": {
                    "optional": true
                },
                "kerberos": {
                    "optional": true
                },
                "mongodb-client-encryption": {
                    "optional": true
                },
                "mongodb-extjson": {
                    "optional": true
                },
                "snappy": {
                    "optional": true
                }
            }
        },
        "node_modules/mongodb/node_modules/bson": {
            "version": "1.1.6",
            "resolved": "https://pkgs.dev.azure.com/IngEurCDaaS01/IngOne/_packaging/central-npm-feed/npm/registry/bson/-/bson-1.1.6.tgz",
            "integrity": "sha1-+4Gb6aYM1nfghTruTKcSp4XWYYo=",
            "license": "Apache-2.0",
            "engines": {
                "node": ">=0.6.19"
            }
        },
        "node_modules/optional-require": {
            "version": "1.1.8",
            "resolved": "https://pkgs.dev.azure.com/IngEurCDaaS01/IngOne/_packaging/central-npm-feed/npm/registry/optional-require/-/optional-require-1.1.8.tgz",
            "integrity": "sha1-FjZNdiYbddlkxIKyQGy4JNjsRLc=",
            "license": "Apache-2.0",
            "dependencies": {
                "require-at": "^1.0.6"
            },
            "engines": {
                "node": ">=4"
            }
        },
        "node_modules/process-nextick-args": {
            "version": "2.0.1",
            "resolved": "https://pkgs.dev.azure.com/IngEurCDaaS01/IngOne/_packaging/central-npm-feed/npm/registry/process-nextick-args/-/process-nextick-args-2.0.1.tgz",
            "integrity": "sha1-eCDZsWEgzFXKmud5JoCufbptf+I=",
            "license": "MIT"
        },
        "node_modules/readable-stream": {
            "version": "2.3.8",
            "resolved": "https://pkgs.dev.azure.com/IngEurCDaaS01/IngOne/_packaging/central-npm-feed/npm/registry/readable-stream/-/readable-stream-2.3.8.tgz",
            "integrity": "sha1-kRJegEK7obmIf0k0X2J3Anzovps=",
            "license": "MIT",
            "dependencies": {
                "core-util-is": "~1.0.0",
                "inherits": "~2.0.3",
                "isarray": "~1.0.0",
                "process-nextick-args": "~2.0.0",
                "safe-buffer": "~5.1.1",
                "string_decoder": "~1.1.1",
                "util-deprecate": "~1.0.1"
            }
        },
        "node_modules/readable-stream/node_modules/safe-buffer": {
            "version": "5.1.2",
            "resolved": "https://pkgs.dev.azure.com/IngEurCDaaS01/IngOne/_packaging/central-npm-feed/npm/registry/safe-buffer/-/safe-buffer-5.1.2.tgz",
            "integrity": "sha1-mR7GnSluAxN0fVm9/St0XDX4go0=",
            "license": "MIT"
        },
        "node_modules/require-at": {
            "version": "1.0.6",
            "resolved": "https://pkgs.dev.azure.com/IngEurCDaaS01/IngOne/_packaging/central-npm-feed/npm/registry/require-at/-/require-at-1.0.6.tgz",
            "integrity": "sha1-nrfjxeAHJ/WkdEBwp/Vg1N5Pbmo=",
            "license": "Apache-2.0",
            "engines": {
                "node": ">=4"
            }
        },
        "node_modules/safe-buffer": {
            "version": "5.2.1",
            "resolved": "https://pkgs.dev.azure.com/IngEurCDaaS01/IngOne/_packaging/central-npm-feed/npm/registry/safe-buffer/-/safe-buffer-5.2.1.tgz",
            "integrity": "sha1-Hq+fqb2x/dTsdfWPnNtOa3gn7sY=",
            "funding": [
                {
                    "type": "github",
                    "url": "https://github.com/sponsors/feross"
                },
                {
                    "type": "patreon",
                    "url": "https://www.patreon.com/feross"
                },
                {
                    "type": "consulting",
                    "url": "https://feross.org/support"
                }
            ],
            "license": "MIT"
        },
        "node_modules/saslprep": {
            "version": "1.0.3",
            "resolved": "https://pkgs.dev.azure.com/IngEurCDaaS01/IngOne/_packaging/central-npm-feed/npm/registry/saslprep/-/saslprep-1.0.3.tgz",
            "integrity": "sha1-TAL5RrVs9UKX40e6EJPnrKxM8iY=",
            "license": "MIT",
            "optional": true,
            "dependencies": {
                "sparse-bitfield": "^3.0.3"
            },
            "engines": {
                "node": ">=6"
            }
        },
        "node_modules/sparse-bitfield": {
            "version": "3.0.3",
            "resolved": "https://pkgs.dev.azure.com/IngEurCDaaS01/IngOne/_packaging/central-npm-feed/npm/registry/sparse-bitfield/-/sparse-bitfield-3.0.3.tgz",
            "integrity": "sha1-/0rm5oZWBWuks+eSqzM004JzyhE=",
            "license": "MIT",
            "optional": true,
            "dependencies": {
                "memory-pager": "^1.0.2"
            }
        },
        "node_modules/string_decoder": {
            "version": "1.1.1",
            "resolved": "https://pkgs.dev.azure.com/IngEurCDaaS01/IngOne/_packaging/central-npm-feed/npm/registry/string_decoder/-/string_decoder-1.1.1.tgz",
            "integrity": "sha1-nPFhG6YmhdcDCunkujQUnDrwP8g=",
            "license": "MIT",
            "dependencies": {
                "safe-buffer": "~5.1.0"
            }
        },
        "node_modules/string_decoder/node_modules/safe-buffer": {
            "version": "5.1.2",
            "resolved": "https://pkgs.dev.azure.com/IngEurCDaaS01/IngOne/_packaging/central-npm-feed/npm/registry/safe-buffer/-/safe-buffer-5.1.2.tgz",
            "integrity": "sha1-mR7GnSluAxN0fVm9/St0XDX4go0=",
            "license": "MIT"
        },
        "node_modules/undici": {
            "version": "5.28.3",
            "resolved": "https://registry.npmjs.org/undici/-/undici-5.28.3.tgz",
            "integrity": "sha512-3ItfzbrhDlINjaP0duwnNsKpDQk3acHI3gVJ1z4fmwMK31k5G9OVIAMLSIaP6w4FaGkaAkN6zaQO9LUvZ1t7VA==",
            "dependencies": {
                "@fastify/busboy": "^2.0.0"
            },
            "engines": {
                "node": ">=14.0"
            }
        },
        "node_modules/util-deprecate": {
            "version": "1.0.2",
            "resolved": "https://pkgs.dev.azure.com/IngEurCDaaS01/IngOne/_packaging/central-npm-feed/npm/registry/util-deprecate/-/util-deprecate-1.0.2.tgz",
            "integrity": "sha1-RQ1Nyfpw3nMnYvvS1KKJgUGaDM8=",
            "license": "MIT"
        }
    }
}
